{
  "core_repo": "vinzify/Cortex-v3.1-RMVM---Relational-Memory-Virtual-Machine",
  "core_tag": "v0.1.0",
  "core_commit": "f5d7932dfa35b52354ad31ec741d76147066fea5",
  "proto_version": "cortex_rmvm_v3_1",
  "proto_checksums": {
    "proto/cortex_rmvm_v3_1.proto": "cefe6505254a9b6d18a30c76b0e516b09d8c42c7046e0b11db887ba2ed0c69c4",
    "proto/cortex_rmvm_v3_1_service.proto": "330089470c9c59bd5d29603df236960f73b1d6382127262f69685407039b38c7"
  },
  "core_dependency_manifest_sha256": "219FC74E05D5A369431B793DE3809B3929C18E31A46EB29D6E83CC968E549014"
}
